// !$*UTF8*$!
{
	archiveVersion = 1;
	classes = {
	};
	objectVersion = 46;
	objects = {

/* Begin PBXBuildFile section */
		0FEDBB841A7A9098001C9318 /* Images.xcassets in Resources */ = {isa = PBXBuildFile; fileRef = 0FEDBB831A7A9098001C9318 /* Images.xcassets */; };
		0FEDBB931A7A9098001C9318 /* MercadoPagoSDKExamplesTests.swift in Sources */ = {isa = PBXBuildFile; fileRef = 0FEDBB921A7A9098001C9318 /* MercadoPagoSDKExamplesTests.swift */; };
		0FEDBBE81A7A92FB001C9318 /* LaunchScreen.xib in Resources */ = {isa = PBXBuildFile; fileRef = 0FEDBBE71A7A92FB001C9318 /* LaunchScreen.xib */; };
		0FEDBBE91A7A92FB001C9318 /* LaunchScreen.xib in Resources */ = {isa = PBXBuildFile; fileRef = 0FEDBBE71A7A92FB001C9318 /* LaunchScreen.xib */; };
		0FEDBBEB1A7A933E001C9318 /* AppDelegate.swift in Sources */ = {isa = PBXBuildFile; fileRef = 0FEDBBEA1A7A933E001C9318 /* AppDelegate.swift */; };
		0FEDBBEC1A7A933E001C9318 /* AppDelegate.swift in Sources */ = {isa = PBXBuildFile; fileRef = 0FEDBBEA1A7A933E001C9318 /* AppDelegate.swift */; };
		0FEDBBEE1A7A95D5001C9318 /* UIKit.framework in Frameworks */ = {isa = PBXBuildFile; fileRef = 0FEDBBED1A7A95D5001C9318 /* UIKit.framework */; };
/* End PBXBuildFile section */

/* Begin PBXContainerItemProxy section */
		0FEDBB8D1A7A9098001C9318 /* PBXContainerItemProxy */ = {
			isa = PBXContainerItemProxy;
			containerPortal = 0FEDBB6D1A7A9098001C9318 /* Project object */;
			proxyType = 1;
			remoteGlobalIDString = 0FEDBB741A7A9098001C9318;
			remoteInfo = MercadoPagoSDKExamples;
		};
/* End PBXContainerItemProxy section */

/* Begin PBXFileReference section */
		0FEDBB751A7A9098001C9318 /* MercadoPagoSDKExamples.app */ = {isa = PBXFileReference; explicitFileType = wrapper.application; includeInIndex = 0; path = MercadoPagoSDKExamples.app; sourceTree = BUILT_PRODUCTS_DIR; };
		0FEDBB791A7A9098001C9318 /* Info.plist */ = {isa = PBXFileReference; lastKnownFileType = text.plist.xml; path = Info.plist; sourceTree = "<group>"; };
		0FEDBB831A7A9098001C9318 /* Images.xcassets */ = {isa = PBXFileReference; lastKnownFileType = folder.assetcatalog; path = Images.xcassets; sourceTree = "<group>"; };
		0FEDBB8C1A7A9098001C9318 /* MercadoPagoSDKExamplesTests.xctest */ = {isa = PBXFileReference; explicitFileType = wrapper.cfbundle; includeInIndex = 0; path = MercadoPagoSDKExamplesTests.xctest; sourceTree = BUILT_PRODUCTS_DIR; };
		0FEDBB911A7A9098001C9318 /* Info.plist */ = {isa = PBXFileReference; lastKnownFileType = text.plist.xml; path = Info.plist; sourceTree = "<group>"; };
		0FEDBB921A7A9098001C9318 /* MercadoPagoSDKExamplesTests.swift */ = {isa = PBXFileReference; lastKnownFileType = sourcecode.swift; path = MercadoPagoSDKExamplesTests.swift; sourceTree = "<group>"; };
		0FEDBBE71A7A92FB001C9318 /* LaunchScreen.xib */ = {isa = PBXFileReference; fileEncoding = 4; lastKnownFileType = file.xib; path = LaunchScreen.xib; sourceTree = "<group>"; };
		0FEDBBEA1A7A933E001C9318 /* AppDelegate.swift */ = {isa = PBXFileReference; fileEncoding = 4; lastKnownFileType = sourcecode.swift; path = AppDelegate.swift; sourceTree = "<group>"; };
		0FEDBBED1A7A95D5001C9318 /* UIKit.framework */ = {isa = PBXFileReference; lastKnownFileType = wrapper.framework; name = UIKit.framework; path = System/Library/Frameworks/UIKit.framework; sourceTree = SDKROOT; };
/* End PBXFileReference section */

/* Begin PBXFrameworksBuildPhase section */
		0FEDBB721A7A9098001C9318 /* Frameworks */ = {
			isa = PBXFrameworksBuildPhase;
			buildActionMask = 2147483647;
			files = (
				0FEDBBEE1A7A95D5001C9318 /* UIKit.framework in Frameworks */,
			);
			runOnlyForDeploymentPostprocessing = 0;
		};
		0FEDBB891A7A9098001C9318 /* Frameworks */ = {
			isa = PBXFrameworksBuildPhase;
			buildActionMask = 2147483647;
			files = (
			);
			runOnlyForDeploymentPostprocessing = 0;
		};
/* End PBXFrameworksBuildPhase section */

/* Begin PBXGroup section */
		0FEDBB6C1A7A9098001C9318 = {
			isa = PBXGroup;
			children = (
				0FEDBBED1A7A95D5001C9318 /* UIKit.framework */,
				0FEDBB771A7A9098001C9318 /* MercadoPagoSDKExamples */,
				0FEDBB8F1A7A9098001C9318 /* MercadoPagoSDKExamplesTests */,
				0FEDBB761A7A9098001C9318 /* Products */,
			);
			sourceTree = "<group>";
		};
		0FEDBB761A7A9098001C9318 /* Products */ = {
			isa = PBXGroup;
			children = (
				0FEDBB751A7A9098001C9318 /* MercadoPagoSDKExamples.app */,
				0FEDBB8C1A7A9098001C9318 /* MercadoPagoSDKExamplesTests.xctest */,
			);
			name = Products;
			sourceTree = "<group>";
		};
		0FEDBB771A7A9098001C9318 /* MercadoPagoSDKExamples */ = {
			isa = PBXGroup;
			children = (
				0FEDBBEA1A7A933E001C9318 /* AppDelegate.swift */,
				0FEDBBE71A7A92FB001C9318 /* LaunchScreen.xib */,
				0FEDBB831A7A9098001C9318 /* Images.xcassets */,
				0FEDBB781A7A9098001C9318 /* Supporting Files */,
			);
			path = MercadoPagoSDKExamples;
			sourceTree = "<group>";
		};
		0FEDBB781A7A9098001C9318 /* Supporting Files */ = {
			isa = PBXGroup;
			children = (
				0FEDBB791A7A9098001C9318 /* Info.plist */,
			);
			name = "Supporting Files";
			sourceTree = "<group>";
		};
		0FEDBB8F1A7A9098001C9318 /* MercadoPagoSDKExamplesTests */ = {
			isa = PBXGroup;
			children = (
				0FEDBB921A7A9098001C9318 /* MercadoPagoSDKExamplesTests.swift */,
				0FEDBB901A7A9098001C9318 /* Supporting Files */,
			);
			path = MercadoPagoSDKExamplesTests;
			sourceTree = "<group>";
		};
		0FEDBB901A7A9098001C9318 /* Supporting Files */ = {
			isa = PBXGroup;
			children = (
				0FEDBB911A7A9098001C9318 /* Info.plist */,
			);
			name = "Supporting Files";
			sourceTree = "<group>";
		};
/* End PBXGroup section */

/* Begin PBXNativeTarget section */
		0FEDBB741A7A9098001C9318 /* MercadoPagoSDKExamples */ = {
			isa = PBXNativeTarget;
			buildConfigurationList = 0FEDBB961A7A9098001C9318 /* Build configuration list for PBXNativeTarget "MercadoPagoSDKExamples" */;
			buildPhases = (
				0FEDBB711A7A9098001C9318 /* Sources */,
				0FEDBB721A7A9098001C9318 /* Frameworks */,
				0FEDBB731A7A9098001C9318 /* Resources */,
			);
			buildRules = (
			);
			dependencies = (
			);
			name = MercadoPagoSDKExamples;
			productName = MercadoPagoSDKExamples;
			productReference = 0FEDBB751A7A9098001C9318 /* MercadoPagoSDKExamples.app */;
			productType = "com.apple.product-type.application";
		};
		0FEDBB8B1A7A9098001C9318 /* MercadoPagoSDKExamplesTests */ = {
			isa = PBXNativeTarget;
			buildConfigurationList = 0FEDBB991A7A9098001C9318 /* Build configuration list for PBXNativeTarget "MercadoPagoSDKExamplesTests" */;
			buildPhases = (
				0FEDBB881A7A9098001C9318 /* Sources */,
				0FEDBB891A7A9098001C9318 /* Frameworks */,
				0FEDBB8A1A7A9098001C9318 /* Resources */,
			);
			buildRules = (
			);
			dependencies = (
				0FEDBB8E1A7A9098001C9318 /* PBXTargetDependency */,
			);
			name = MercadoPagoSDKExamplesTests;
			productName = MercadoPagoSDKExamplesTests;
			productReference = 0FEDBB8C1A7A9098001C9318 /* MercadoPagoSDKExamplesTests.xctest */;
			productType = "com.apple.product-type.bundle.unit-test";
		};
/* End PBXNativeTarget section */

/* Begin PBXProject section */
		0FEDBB6D1A7A9098001C9318 /* Project object */ = {
			isa = PBXProject;
			attributes = {
				LastUpgradeCheck = 0610;
				ORGANIZATIONNAME = "Matias Gualino";
				TargetAttributes = {
					0FEDBB741A7A9098001C9318 = {
						CreatedOnToolsVersion = 6.1.1;
					};
					0FEDBB8B1A7A9098001C9318 = {
						CreatedOnToolsVersion = 6.1.1;
						TestTargetID = 0FEDBB741A7A9098001C9318;
					};
				};
			};
			buildConfigurationList = 0FEDBB701A7A9098001C9318 /* Build configuration list for PBXProject "MercadoPagoSDKExamples" */;
			compatibilityVersion = "Xcode 3.2";
			developmentRegion = English;
			hasScannedForEncodings = 0;
			knownRegions = (
				en,
				Base,
			);
			mainGroup = 0FEDBB6C1A7A9098001C9318;
			productRefGroup = 0FEDBB761A7A9098001C9318 /* Products */;
			projectDirPath = "";
			projectRoot = "";
			targets = (
				0FEDBB741A7A9098001C9318 /* MercadoPagoSDKExamples */,
				0FEDBB8B1A7A9098001C9318 /* MercadoPagoSDKExamplesTests */,
			);
		};
/* End PBXProject section */

/* Begin PBXResourcesBuildPhase section */
		0FEDBB731A7A9098001C9318 /* Resources */ = {
			isa = PBXResourcesBuildPhase;
			buildActionMask = 2147483647;
			files = (
				0FEDBBE81A7A92FB001C9318 /* LaunchScreen.xib in Resources */,
				0FEDBB841A7A9098001C9318 /* Images.xcassets in Resources */,
			);
			runOnlyForDeploymentPostprocessing = 0;
		};
		0FEDBB8A1A7A9098001C9318 /* Resources */ = {
			isa = PBXResourcesBuildPhase;
			buildActionMask = 2147483647;
			files = (
				0FEDBBE91A7A92FB001C9318 /* LaunchScreen.xib in Resources */,
			);
			runOnlyForDeploymentPostprocessing = 0;
		};
/* End PBXResourcesBuildPhase section */

/* Begin PBXSourcesBuildPhase section */
		0FEDBB711A7A9098001C9318 /* Sources */ = {
			isa = PBXSourcesBuildPhase;
			buildActionMask = 2147483647;
			files = (
				0FEDBBEB1A7A933E001C9318 /* AppDelegate.swift in Sources */,
			);
			runOnlyForDeploymentPostprocessing = 0;
		};
		0FEDBB881A7A9098001C9318 /* Sources */ = {
			isa = PBXSourcesBuildPhase;
			buildActionMask = 2147483647;
			files = (
				0FEDBBEC1A7A933E001C9318 /* AppDelegate.swift in Sources */,
				0FEDBB931A7A9098001C9318 /* MercadoPagoSDKExamplesTests.swift in Sources */,
			);
			runOnlyForDeploymentPostprocessing = 0;
		};
/* End PBXSourcesBuildPhase section */

/* Begin PBXTargetDependency section */
		0FEDBB8E1A7A9098001C9318 /* PBXTargetDependency */ = {
			isa = PBXTargetDependency;
			target = 0FEDBB741A7A9098001C9318 /* MercadoPagoSDKExamples */;
			targetProxy = 0FEDBB8D1A7A9098001C9318 /* PBXContainerItemProxy */;
		};
/* End PBXTargetDependency section */

/* Begin XCBuildConfiguration section */
		0FEDBB941A7A9098001C9318 /* Debug */ = {
			isa = XCBuildConfiguration;
			buildSettings = {
				ALWAYS_SEARCH_USER_PATHS = NO;
				CLANG_CXX_LANGUAGE_STANDARD = "gnu++0x";
				CLANG_CXX_LIBRARY = "libc++";
				CLANG_ENABLE_MODULES = YES;
				CLANG_ENABLE_OBJC_ARC = YES;
				CLANG_WARN_BOOL_CONVERSION = YES;
				CLANG_WARN_CONSTANT_CONVERSION = YES;
				CLANG_WARN_DIRECT_OBJC_ISA_USAGE = YES_ERROR;
				CLANG_WARN_EMPTY_BODY = YES;
				CLANG_WARN_ENUM_CONVERSION = YES;
				CLANG_WARN_INT_CONVERSION = YES;
				CLANG_WARN_OBJC_ROOT_CLASS = YES_ERROR;
				CLANG_WARN_UNREACHABLE_CODE = YES;
				CLANG_WARN__DUPLICATE_METHOD_MATCH = YES;
				"CODE_SIGN_IDENTITY[sdk=iphoneos*]" = "iPhone Developer";
				COPY_PHASE_STRIP = NO;
				ENABLE_STRICT_OBJC_MSGSEND = YES;
				GCC_C_LANGUAGE_STANDARD = gnu99;
				GCC_DYNAMIC_NO_PIC = NO;
				GCC_OPTIMIZATION_LEVEL = 0;
				GCC_PREPROCESSOR_DEFINITIONS = (
					"DEBUG=1",
					"$(inherited)",
				);
				GCC_SYMBOLS_PRIVATE_EXTERN = NO;
				GCC_WARN_64_TO_32_BIT_CONVERSION = YES;
				GCC_WARN_ABOUT_RETURN_TYPE = YES_ERROR;
				GCC_WARN_UNDECLARED_SELECTOR = YES;
				GCC_WARN_UNINITIALIZED_AUTOS = YES_AGGRESSIVE;
				GCC_WARN_UNUSED_FUNCTION = YES;
				GCC_WARN_UNUSED_VARIABLE = YES;
				IPHONEOS_DEPLOYMENT_TARGET = 8.1;
				MTL_ENABLE_DEBUG_INFO = YES;
				ONLY_ACTIVE_ARCH = YES;
				SDKROOT = iphoneos;
				SWIFT_OPTIMIZATION_LEVEL = "-Onone";
				TARGETED_DEVICE_FAMILY = "1,2";
			};
			name = Debug;
		};
		0FEDBB951A7A9098001C9318 /* Release */ = {
			isa = XCBuildConfiguration;
			buildSettings = {
				ALWAYS_SEARCH_USER_PATHS = NO;
				CLANG_CXX_LANGUAGE_STANDARD = "gnu++0x";
				CLANG_CXX_LIBRARY = "libc++";
				CLANG_ENABLE_MODULES = YES;
				CLANG_ENABLE_OBJC_ARC = YES;
				CLANG_WARN_BOOL_CONVERSION = YES;
				CLANG_WARN_CONSTANT_CONVERSION = YES;
				CLANG_WARN_DIRECT_OBJC_ISA_USAGE = YES_ERROR;
				CLANG_WARN_EMPTY_BODY = YES;
				CLANG_WARN_ENUM_CONVERSION = YES;
				CLANG_WARN_INT_CONVERSION = YES;
				CLANG_WARN_OBJC_ROOT_CLASS = YES_ERROR;
				CLANG_WARN_UNREACHABLE_CODE = YES;
				CLANG_WARN__DUPLICATE_METHOD_MATCH = YES;
				"CODE_SIGN_IDENTITY[sdk=iphoneos*]" = "iPhone Developer";
				COPY_PHASE_STRIP = YES;
				ENABLE_NS_ASSERTIONS = NO;
				ENABLE_STRICT_OBJC_MSGSEND = YES;
				GCC_C_LANGUAGE_STANDARD = gnu99;
				GCC_WARN_64_TO_32_BIT_CONVERSION = YES;
				GCC_WARN_ABOUT_RETURN_TYPE = YES_ERROR;
				GCC_WARN_UNDECLARED_SELECTOR = YES;
				GCC_WARN_UNINITIALIZED_AUTOS = YES_AGGRESSIVE;
				GCC_WARN_UNUSED_FUNCTION = YES;
				GCC_WARN_UNUSED_VARIABLE = YES;
				IPHONEOS_DEPLOYMENT_TARGET = 8.1;
				MTL_ENABLE_DEBUG_INFO = NO;
				SDKROOT = iphoneos;
				TARGETED_DEVICE_FAMILY = "1,2";
				VALIDATE_PRODUCT = YES;
			};
			name = Release;
		};
		0FEDBB971A7A9098001C9318 /* Debug */ = {
			isa = XCBuildConfiguration;
			buildSettings = {
				ASSETCATALOG_COMPILER_APPICON_NAME = AppIcon;
				INFOPLIST_FILE = MercadoPagoSDKExamples/Info.plist;
				IPHONEOS_DEPLOYMENT_TARGET = 8.1;
				LD_RUNPATH_SEARCH_PATHS = "$(inherited) @executable_path/Frameworks";
				PRODUCT_NAME = "$(TARGET_NAME)";
			};
			name = Debug;
		};
		0FEDBB981A7A9098001C9318 /* Release */ = {
			isa = XCBuildConfiguration;
			buildSettings = {
				ASSETCATALOG_COMPILER_APPICON_NAME = AppIcon;
				INFOPLIST_FILE = MercadoPagoSDKExamples/Info.plist;
				IPHONEOS_DEPLOYMENT_TARGET = 8.1;
				LD_RUNPATH_SEARCH_PATHS = "$(inherited) @executable_path/Frameworks";
				PRODUCT_NAME = "$(TARGET_NAME)";
			};
			name = Release;
		};
		0FEDBB9A1A7A9098001C9318 /* Debug */ = {
			isa = XCBuildConfiguration;
			buildSettings = {
				BUNDLE_LOADER = "$(TEST_HOST)";
				FRAMEWORK_SEARCH_PATHS = (
					"$(SDKROOT)/Developer/Library/Frameworks",
					"$(inherited)",
				);
				GCC_PREPROCESSOR_DEFINITIONS = (
					"DEBUG=1",
					"$(inherited)",
				);
				INFOPLIST_FILE = MercadoPagoSDKExamplesTests/Info.plist;
				LD_RUNPATH_SEARCH_PATHS = "$(inherited) @executable_path/Frameworks @loader_path/Frameworks";
				PRODUCT_NAME = "$(TARGET_NAME)";
				TEST_HOST = "$(BUILT_PRODUCTS_DIR)/MercadoPagoSDKExamples.app/MercadoPagoSDKExamples";
			};
			name = Debug;
		};
		0FEDBB9B1A7A9098001C9318 /* Release */ = {
			isa = XCBuildConfiguration;
			buildSettings = {
				BUNDLE_LOADER = "$(TEST_HOST)";
				FRAMEWORK_SEARCH_PATHS = (
					"$(SDKROOT)/Developer/Library/Frameworks",
					"$(inherited)",
				);
				INFOPLIST_FILE = MercadoPagoSDKExamplesTests/Info.plist;
				LD_RUNPATH_SEARCH_PATHS = "$(inherited) @executable_path/Frameworks @loader_path/Frameworks";
				PRODUCT_NAME = "$(TARGET_NAME)";
				TEST_HOST = "$(BUILT_PRODUCTS_DIR)/MercadoPagoSDKExamples.app/MercadoPagoSDKExamples";
			};
			name = Release;
		};
/* End XCBuildConfiguration section */

/* Begin XCConfigurationList section */
		0FEDBB701A7A9098001C9318 /* Build configuration list for PBXProject "MercadoPagoSDKExamples" */ = {
			isa = XCConfigurationList;
			buildConfigurations = (
				0FEDBB941A7A9098001C9318 /* Debug */,
				0FEDBB951A7A9098001C9318 /* Release */,
			);
			defaultConfigurationIsVisible = 0;
			defaultConfigurationName = Release;
		};
		0FEDBB961A7A9098001C9318 /* Build configuration list for PBXNativeTarget "MercadoPagoSDKExamples" */ = {
			isa = XCConfigurationList;
			buildConfigurations = (
				0FEDBB971A7A9098001C9318 /* Debug */,
				0FEDBB981A7A9098001C9318 /* Release */,
			);
			defaultConfigurationIsVisible = 0;
			defaultConfigurationName = Release;
		};
		0FEDBB991A7A9098001C9318 /* Build configuration list for PBXNativeTarget "MercadoPagoSDKExamplesTests" */ = {
			isa = XCConfigurationList;
			buildConfigurations = (
				0FEDBB9A1A7A9098001C9318 /* Debug */,
				0FEDBB9B1A7A9098001C9318 /* Release */,
			);
			defaultConfigurationIsVisible = 0;
			defaultConfigurationName = Release;
		};
/* End XCConfigurationList section */
	};
	rootObject = 0FEDBB6D1A7A9098001C9318 /* Project object */;
}
